
Microsoft Visual Studio Solution File, Format Version 12.00
# Visual Studio Version 17
VisualStudioVersion = 17.3.32819.101
MinimumVisualStudioVersion = 10.0.40219.1
Project("{FAE04EC0-301F-11D3-BF4B-00C04F79EFBC}") = "MetodosNumericos01", "MetodosNumericos01.csproj", "{32EF659F-8807-4FD4-B2AB-8F596E2472B0}"
EndProject
Global
	GlobalSection(SolutionConfigurationPlatforms) = preSolution
		Debug|Any CPU = Debug|Any CPU
		Release|Any CPU = Release|Any CPU
	EndGlobalSection
	GlobalSection(ProjectConfigurationPlatforms) = postSolution
		{32EF659F-8807-4FD4-B2AB-8F596E2472B0}.Debug|Any CPU.ActiveCfg = Debug|Any CPU
		{32EF659F-8807-4FD4-B2AB-8F596E2472B0}.Debug|Any CPU.Build.0 = Debug|Any CPU
		{32EF659F-8807-4FD4-B2AB-8F596E2472B0}.Release|Any CPU.ActiveCfg = Release|Any CPU
		{32EF659F-8807-4FD4-B2AB-8F596E2472B0}.Release|Any CPU.Build.0 = Release|Any CPU
	EndGlobalSection
	GlobalSection(SolutionProperties) = preSolution
		HideSolutionNode = FALSE
	EndGlobalSection
	GlobalSection(ExtensibilityGlobals) = postSolution
		SolutionGuid = {E6E1D483-4E61-4E31-9CC1-C0721D591D4E}
	EndGlobalSection
EndGlobal
